
Microsoft Visual Studio Solution File, Format Version 12.00
# Visual Studio Version 17
VisualStudioVersion = 17.6.33723.286
MinimumVisualStudioVersion = 10.0.40219.1
Project("{FAE04EC0-301F-11D3-BF4B-00C04F79EFBC}") = "SerializationDemo", "Serialization-and-Seserialization\SerializationDemo.csproj", "{90FB08FE-6CF6-4616-A2C8-586362EC38EE}"
EndProject
Global
	GlobalSection(SolutionConfigurationPlatforms) = preSolution
		Debug|Any CPU = Debug|Any CPU
		Release|Any CPU = Release|Any CPU
	EndGlobalSection
	GlobalSection(ProjectConfigurationPlatforms) = postSolution
		{90FB08FE-6CF6-4616-A2C8-586362EC38EE}.Debug|Any CPU.ActiveCfg = Debug|Any CPU
		{90FB08FE-6CF6-4616-A2C8-586362EC38EE}.Debug|Any CPU.Build.0 = Debug|Any CPU
		{90FB08FE-6CF6-4616-A2C8-586362EC38EE}.Release|Any CPU.ActiveCfg = Release|Any CPU
		{90FB08FE-6CF6-4616-A2C8-586362EC38EE}.Release|Any CPU.Build.0 = Release|Any CPU
	EndGlobalSection
	GlobalSection(SolutionProperties) = preSolution
		HideSolutionNode = FALSE
	EndGlobalSection
	GlobalSection(ExtensibilityGlobals) = postSolution
		SolutionGuid = {2F9B2887-C884-4025-80DF-A0F42D26BDD7}
	EndGlobalSection
EndGlobal
